
Microsoft Visual Studio Solution File, Format Version 12.00
# Visual Studio 15
VisualStudioVersion = 15.0.28307.757
MinimumVisualStudioVersion = 10.0.40219.1
Project("{8BC9CEB8-8B4A-11D0-8D11-00A0C91BC942}") = "Lab2", "Lab2\Lab2.vcxproj", "{535D76F4-0CE6-4D99-835C-715593F73758}"
EndProject
Global
	GlobalSection(SolutionConfigurationPlatforms) = preSolution
		Debug|x64 = Debug|x64
		Debug|x86 = Debug|x86
		Release|x64 = Release|x64
		Release|x86 = Release|x86
	EndGlobalSection
	GlobalSection(ProjectConfigurationPlatforms) = postSolution
		{535D76F4-0CE6-4D99-835C-715593F73758}.Debug|x64.ActiveCfg = Debug|x64
		{535D76F4-0CE6-4D99-835C-715593F73758}.Debug|x64.Build.0 = Debug|x64
		{535D76F4-0CE6-4D99-835C-715593F73758}.Debug|x86.ActiveCfg = Debug|Win32
		{535D76F4-0CE6-4D99-835C-715593F73758}.Debug|x86.Build.0 = Debug|Win32
		{535D76F4-0CE6-4D99-835C-715593F73758}.Release|x64.ActiveCfg = Release|x64
		{535D76F4-0CE6-4D99-835C-715593F73758}.Release|x64.Build.0 = Release|x64
		{535D76F4-0CE6-4D99-835C-715593F73758}.Release|x86.ActiveCfg = Release|Win32
		{535D76F4-0CE6-4D99-835C-715593F73758}.Release|x86.Build.0 = Release|Win32
	EndGlobalSection
	GlobalSection(SolutionProperties) = preSolution
		HideSolutionNode = FALSE
	EndGlobalSection
	GlobalSection(ExtensibilityGlobals) = postSolution
		SolutionGuid = {15958791-2DE8-4F2D-B956-D52C83B92D8B}
	EndGlobalSection
EndGlobal
